{
    "_meta": {
        "hash": {
            "sha256": "b674989fead2485cbd205393c459f2400f794754792eda278688392300708a03"
        },
        "pipfile-spec": 6,
        "requires": {
            "python_version": "3.6"
        },
        "sources": [
            {
                "name": "pypi",
                "url": "https://pypi.org/simple",
                "verify_ssl": true
            }
        ]
    },
    "default": {
        "aiocoap": {
            "hashes": [
                "sha256:402d4151db6d8d0b1d66af5b6e10e0de1521decbf12140637e5b8d2aa9c5aef6"
            ],
            "version": "==0.3"
        },
        "aiohttp": {
            "hashes": [
                "sha256:1a112a1fdf3802b7f2b182e22e51d71e4a8fa7387d0d38e79a268921b869e384",
                "sha256:33aa7c937ebaf063a860cbb0c263a771b33333a84965c6148eeafe64fb4e29ca",
                "sha256:550b4a0788500f6d00f41b7fdd9fcce6d78f99706a7b2f6f81d4d331c7ca468e",
                "sha256:601e8e83123b4d423a9dfddf7d6943f4f520651a78ffcd50c99d065136c7ff7b",
                "sha256:620f19ba7628b70b177f5c2e6a55a6fd6e7c8591cde38c3f8f52551733d31b66",
                "sha256:70d56c784da1239c89d39fefa166fd429306dada641178389be4184a9c04e501",
                "sha256:7de2c9e445a5d257935011268202338538abef1aaff341a4733eca56419ca6f6",
                "sha256:96bb80b659cc2bafa160f3f0c346ce7fc10de1ffec4908d7f9690797f155f658",
                "sha256:ae7501cc6a6c37b8d4774bf2218c37be47fe42019a2570e8510fc2044e59d573",
                "sha256:c833aa6f4c9ac3e3eb843e3d999bae51339ad33a937303f43ce78064e61cb4b6",
                "sha256:dd81d85a342edf3d2a388e2f24d9facebc9c04550043888f970ee2f228c93059",
                "sha256:f20deec7a3fbaec7b5eb7ad99878427ad2ee4cc16a46732b705e8121cbb3cc12",
                "sha256:f52e7287eb9286a1e91e4c67c207c2573147fbaddc68f70efb5aeee5d1992f2e",
                "sha256:fe7b2972ff7e779e812f974aa5695edc328ecf559ceeea887ac46f06f090ad4c",
                "sha256:ff1447c84a02b9cd5dd3a9332d1fb181a4386c3625765bb5caf1cfbc210ab3f9"
            ],
            "version": "==3.3.2"
        },
        "appnope": {
            "hashes": [
                "sha256:5b26757dc6f79a3b7dc9fab95359328d5747fcb2409d331ea66d0272b90ab2a0",
                "sha256:8b995ffe925347a2138d7ac0fe77155e4311a0ea6d6da4f5128fe4b3cbe5ed71"
            ],
            "index": "pypi",
            "version": "==0.1.0"
        },
        "argparse": {
            "hashes": [
                "sha256:ddaf4b0a618335a32b6664d4ae038a1de8fbada3b25033f9021510ed2b3941a4"
            ],
            "index": "pypi",
            "version": "==1.2.1"
        },
        "async-timeout": {
            "hashes": [
                "sha256:474d4bc64cee20603e225eb1ece15e248962958b45a3648a9f5cc29e827a610c",
                "sha256:b3c0ddc416736619bd4a95ca31de8da6920c3b9a140c64dbef2b2fa7bf521287"
            ],
            "version": "==3.0.0"
        },
        "attrs": {
            "hashes": [
                "sha256:4b90b09eeeb9b88c35bc642cbac057e45a5fd85367b985bd2809c62b7b939265",
                "sha256:e0d0eb91441a3b53dab4d9b743eafc1ac44476296a2053b6ca3af0b139faf87b"
            ],
            "version": "==18.1.0"
        },
        "backports-abc": {
            "hashes": [
                "sha256:8b3e4092ba3d541c7a2f9b7d0d9c0275b21c6a01c53a61c731eba6686939d0a5",
                "sha256:c64508e766dfe09a94a442c12b57c6e098a402921ecb340a4ec57c7e10fd464c"
            ],
            "index": "pypi",
            "version": "==0.4"
        },
        "backports.ssl-match-hostname": {
            "hashes": [
                "sha256:502ad98707319f4a51fa2ca1c677bd659008d27ded9f6380c79e8932e38dcdf2"
            ],
            "index": "pypi",
            "version": "==3.5.0.1"
        },
        "certifi": {
            "hashes": [
                "sha256:30b0a7354a1b32caa8b4705d3f5fb2dadefac7ba4bf8af8a2176869f93e38f16",
                "sha256:ad86683448f7483d4147a64d96856e551734e594c4563747e9fbe2368df13d3f"
            ],
            "index": "pypi",
            "version": "==2015.11.20.1"
        },
        "chardet": {
            "hashes": [
                "sha256:84ab92ed1c4d4f16916e05906b6b75a6c0fb5db821cc65e70cbd64a3e2a5eaae",
                "sha256:fc323ffcaeaed0e0a02bf4d117757b98aed530d9ed4531e3e15460124c106691"
            ],
            "version": "==3.0.4"
        },
        "cycler": {
            "hashes": [
                "sha256:1d8a5ae1ff6c5cf9b93e8811e581232ad8920aeec647c37316ceac982b08cb2d",
                "sha256:cd7b2d1018258d7247a71425e9f26463dfb444d411c39569972f4ce586b0c9d8"
            ],
            "index": "pypi",
            "version": "==0.10.0"
        },
        "cython": {
            "hashes": [
                "sha256:067141e1c3a3244bfbf27d5e7263a05f5705e165fde997e37c3940cbd20d8bd4",
                "sha256:1284cd07dc28de97e5abc87369a5bfe85e6ff87202b635bfc54460a17c14eb80",
                "sha256:1ab0077ec2397897edb8e648a042231494974e32efd43cda8c476e51c3ce4b45",
                "sha256:206a089358b267c45d8d02243035534b75de35ab3dbf2afd36be69920c399b47",
                "sha256:44444591133c92a30d78a6ec52ea4afd902ee4548ca5e83d94388f6a99f6c9ae",
                "sha256:454fd9ff435770f9e77aca105633dea2c1e79283222cad5d8992183fece5653d",
                "sha256:48d0cbf9da9e17d001b35497713257d01fc6bc75c16f131f83970ba6ff18a047",
                "sha256:494658a5e2c207da54c65e66401fb6e6b3f4dc6a2fbb5c2bf8d9e4936d6bb8ab",
                "sha256:4ab49c2f8da620aa267cc3607833dc1a15de353e0cf3a0f804d376fc569ccbe6",
                "sha256:5390125b01428accc6ccdb3ccedde1a6ae6e2743f0a2d0efa97481587d2e6243",
                "sha256:54297727b91cb1744e49647203904c6a6a30cabfe1f1b2059adf7c71b838c0cd",
                "sha256:5704db75803bed5915655b4bc5d0786f516da4564501ea77a3e5b59ff1722f37",
                "sha256:840a125ecd65913bbbc3a950560f36c3400370dd8a0c642b19ba4dc00c20a683",
                "sha256:8bd8394a76c2d992026aeae864a7bf3053a773be82b764b9609cc5ed801585af",
                "sha256:9ff5e87208f2f8c8e791e4b570e6fcbb0475f337acd744873d7b0d780ac5ae6d",
                "sha256:a18913caa8676af9b9820b0900fad5715c0a0b79c33e7e043190d4e7e1e070ae",
                "sha256:a891b81348951c22ec64e0732bd95ec827df6a2700d425e168a5cb0b7611315e",
                "sha256:b11a477b8ddda78dfa1daa7ec78b312a5410a2fd9018790921019aa24eb833a2",
                "sha256:c50daa64fc64c56d4cc5e0b0b1891c6f60deef2b55ca277b00b93434a8fb0d3f",
                "sha256:d027328484e95800494f2cc9ec21c101465f54f76a192af4a669dd365c964c01",
                "sha256:d03fc3aeded3752d445f29756d9e414d235b63c3adf73c29746909fd248ffba0",
                "sha256:e03da80995504ffb789a85c064f1a4d0c86c7a3048a1c88f700db4648323de77",
                "sha256:fec42fecee35d6cc02887f1eef4e4952c97402ed2800bfe41bbd9ed1a0730d8e"
            ],
            "index": "pypi",
            "version": "==0.23.4"
        },
        "decorator": {
            "hashes": [
                "sha256:1c6254597777fd003da2e8fb503c3dbf3d9e8f8d55f054709c0e65be3467209c",
                "sha256:cc3dcda7835a7eafa887fad9d6a69b2d5fd77c0b1c2a1608f52b48e345e37206"
            ],
            "index": "pypi",
            "version": "==4.0.6"
        },
        "future": {
            "hashes": [
                "sha256:e39ced1ab767b5936646cedba8bcce582398233d6a627067d4c6a454c90cfedb"
            ],
            "index": "pypi",
            "version": "==0.16.0"
        },
        "gnureadline": {
            "hashes": [
                "sha256:14b61c9e8659fd6de6c72598f2d197341e34c798b568b27c591c171aff0f1a6b",
                "sha256:167053f88a58be8987e3ef56f5d795e451f8f2651d5b046c00d5f17c775c864c",
                "sha256:1a7d038b5fbeae17fa107621be2cbc90cf44083c2a46432c34f05d2918d6c630",
                "sha256:24589b44720d04d60cd02b07c2755ddd39fa2b80b41f239221a404d469997b6f",
                "sha256:284c99dc82e278b6c556c8b8b1923df1287fe3dea1512ebd3b431d91b28489fd",
                "sha256:2b171071a63909ff3055f6e0c8cc33300a000113ad3b80b8354850b24db8a23f",
                "sha256:5d719a19aa136412e973cbc4aa2d8135bc40e7003d291742f4d64b11f6869812",
                "sha256:68d341bb483b905ec90144f08ed2eec6c450ff7580b8760c87aa004f821f9c2e",
                "sha256:69f0374c0e41ecab7f027a20eb6b5daf6e54c25035af46477e8aabdbeff3e4be",
                "sha256:7097af79b91c9e2e2b9289de359f2238f4e7acbd81d038e3b9f84fe3dc032aa9",
                "sha256:7dcbda9f9c4e8745fb079487a4c3aba2022175fff655bb75e0c0626a4ac33d86",
                "sha256:8685d8f1d7e4a9025bc051fabe828b80c1d1fa2180f8b1ebe863399d38c8637f",
                "sha256:8c7a71eac7ef39b0aafdc494235f8ef0283c3503495a998f204e442d1e8a6997",
                "sha256:a259b038f4b625b07e6206bbc060baa5489ca17c798df3f9507875f2bf980cbe",
                "sha256:ac3bf3054ab7546470b172cec76ed4916b86f687bc23d73fa2affdc43c02956e",
                "sha256:b136f560573d707c38e4e0e68440954750bfa6a63cc5710df2d144e5a44154b8",
                "sha256:bcc0ea31322a9ea8e861356bc0710de19d45f5940cf40240cb3316cbabd140f9",
                "sha256:c01c37865708dcadfa28428574a8d5bab69c91d20a0eab3d38c57391c12db269",
                "sha256:c82d7ed2c94a1026879db1c549dc35109961dc37154b4626b628113b2135c32e",
                "sha256:c899be5eb749253ff82f7ebb9e83534c5ab01fe517ab6a9ba4fcb6fcf7cecca9",
                "sha256:d2bcf65f38ba2bb74aa894131c1a992a61d83c49c3d605bb91cd67e41e380732",
                "sha256:db9524415636a6119ef01ae2f699d299316d730d30b49f09b9bc1bdc41cc233d",
                "sha256:ebd08945971198fcf6367ac34777f3a010ca0f14e1bed0673571baa9cc04a4ec",
                "sha256:f3a750a39b5cc25957c02bb40970b604a14d17d0e9197633a2baf4d9f8258f76",
                "sha256:fa095dca2026c719cb7669c2bccbbc101efea97e1f8da55e096c410a5deded81",
                "sha256:fa76f1bab4ce1b4ec7580a66cc60c81eab4550e2c03a7e2b83aebbf8ef7f6ecc"
            ],
            "index": "pypi",
            "version": "==6.3.3"
        },
        "idna": {
            "hashes": [
                "sha256:156a6814fb5ac1fc6850fb002e0852d56c0c8d2531923a51032d1b70760e186e",
                "sha256:684a38a6f903c1d71d6d5fac066b58d7768af4de2b832e426ec79c30daa94a16"
            ],
            "version": "==2.7"
        },
        "idna-ssl": {
            "hashes": [
                "sha256:1293f030bc608e9aa9cdee72aa93c1521bbb9c7698068c61c9ada6772162b979"
            ],
            "version": "==1.0.1"
        },
        "ipykernel": {
            "hashes": [
                "sha256:3b9e92d78559eeee191d07aab88211c73c0f7eae8d9dddf7d2faa23d61b8361d",
                "sha256:5bef3f684fb2891ee94b594358f74ed855c6dfd36290ddd19c81755cd04ec268",
                "sha256:a876da43e01acec2c305abdd8e6aa55f052bab1196171ccf1cb9a6aa230298b0"
            ],
            "index": "pypi",
            "version": "==4.2.2"
        },
        "ipython": {
            "hashes": [
                "sha256:3bd3b78abc4f43b9ea7fa5353a2a9ba01af8ac4aec5d11e78fa5cbcec105432e",
                "sha256:42293f40d14197bed731184b42f90362a180b743777590936799bb97030f9620",
                "sha256:a44c9f5cd78c27382bae0d48e4f19d57f43467a42016dcc7b5c5363c45fdc607",
                "sha256:e444e340098a5ec01b7239d3590fa4e22ac618e3ead1593367f2f0b0808f9ef2"
            ],
            "index": "pypi",
            "version": "==4.0.1"
        },
        "ipython-genutils": {
            "hashes": [
                "sha256:0c43fa84e93ad0e4dbecaffc6656ac1caf1a48359b2bb0a5da3af84164e3f49b",
                "sha256:3a0624a251a26463c9dfa0ffa635ec51c4265380980d9a50d65611c3c2bd82a6",
                "sha256:6218e9abd612fb5acfb175ea7c7b026006de4df9691d9a73c9b390cfa1a41c2b"
            ],
            "index": "pypi",
            "version": "==0.1.0"
        },
        "ipywidgets": {
            "hashes": [
                "sha256:b9b0426659c5a9fbbb5084b3a353b2cf5fb5122fa083707ecd724e10c99f3f65",
                "sha256:ceeb325e45ade9537c2d115fed9d522e5c6e90bb161592e2f0807375dc661028"
            ],
            "index": "pypi",
            "version": "==4.1.1"
        },
        "jinja2": {
            "hashes": [
                "sha256:1cc03ef32b64be19e0a5b54578dd790906a34943fe9102cfdae0d4495bd536b4",
                "sha256:bc1ff2ff88dbfacefde4ddde471d1417d3b304e8df103a7a9437d47269201bf4"
            ],
            "index": "pypi",
            "version": "==2.8"
        },
        "jsonschema": {
            "hashes": [
                "sha256:36673ac378feed3daa5956276a829699056523d7961027911f064b52255ead41",
                "sha256:71e7b3bcf9fca408bcb65bb60892f375d3abdd2e4f296eeeb8fe0bbbfcde598e",
                "sha256:9088494da4c74497a7a27842ae4ca9c3355b5f7754121edc440463eaf020f079"
            ],
            "index": "pypi",
            "version": "==2.5.1"
        },
        "jupyter": {
            "hashes": [
                "sha256:3e1f86076bbb7c8c207829390305a2b1fe836d471ed54be66a3b8c41e7f46cc7",
                "sha256:5b290f93b98ffbc21c0c7e749f054b3267782166d72fa5e3ed1ed4eaf34a2b78",
                "sha256:d9dc4b3318f310e34c82951ea5d6683f67bed7def4b259fafbfe4f1beb1d8e5f"
            ],
            "index": "pypi",
            "version": "==1.0.0"
        },
        "jupyter-client": {
            "hashes": [
                "sha256:05a57405a8fd149356147cfa5e545bdeeed85bf5f4f7d2606144a04335a1e28c",
                "sha256:c1290dadbd215e12ef72b8350155538dd59dc462fe37d46d2a31be9359d5c31d",
                "sha256:ff1ef5c6c3031a62db46ec6329867b4cb1595e6102a7819b3b5252b0c524bdb8"
            ],
            "index": "pypi",
            "version": "==4.1.1"
        },
        "jupyter-console": {
            "hashes": [
                "sha256:555be6963a8f6431fbe1d424c7ffefee90824758058e4c9a2ab3aa045948eb85",
                "sha256:7824e606f3c60ddb56843c300267502fbe0ac961f5186ce5c4541b594b433391",
                "sha256:ee6ce278897abf45d5abc6e83e685847d198eecfdbc59bfda45b5798200db2c2"
            ],
            "index": "pypi",
            "version": "==4.0.3"
        },
        "jupyter-core": {
            "hashes": [
                "sha256:4e69b7a5ba2113d5467e2339945643562507d23f639bf9b1f9d15fc3ada8b77c",
                "sha256:96a68a3b1d018ff7776270b26b7cb0cfd7a18a53ef2061421daff435707d198c",
                "sha256:985f2de832fef15a159b8d6ff14e4a90b7a10cb1f9beb102da710fd4cfcfd630"
            ],
            "index": "pypi",
            "version": "==4.0.6"
        },
        "markupsafe": {
            "hashes": [
                "sha256:a4ec1aff59b95a14b45eb2e23761a0179e98319da5a7eb76b56ea8cdc7b871c3"
            ],
            "index": "pypi",
            "version": "==0.23"
        },
        "matplotlib": {
            "hashes": [
                "sha256:1f4008bc8eb3b3d1bb8e0baa0d80f715faf4e56868b54207bad715f19cb58bec",
                "sha256:232d16c168e45a47d13cccdd8f15c57294ba8bfb08f2987c5ca4cb48b14a2ae1",
                "sha256:2336234af83a34f933e44774b22dc338008b65c3c1b8c0ec5ebf030fa2dd810d",
                "sha256:36cf0985829c1ab2b8b1dae5e2272e53ae681bf33ab8bedceed4f0565af5f813",
                "sha256:3c590e857cabbaa4482a442bd43ac6cdd5ca5cfc0842206f066d9a3fd008a9d5",
                "sha256:519bb90fe31b6de9fa3748a9f3aa3167f66c2cd6afb62c50f7b08d8e77a6cda6",
                "sha256:68812731a15714acc54a8a6deceed9f40b4701bbdb0f3868efd5aaa9d42616aa",
                "sha256:8481a8b7f193a297dbdc506b20ca2a107a1268917de3005e9cbf44086b2ef0ea",
                "sha256:8cef2f7e11c7a1fb35999d35531276b0a5ecbc3314fa12fed162e0248b8216c1",
                "sha256:904a175465c38901446054012f072d5bac0e11d29ed8680db1fefadca49280cf",
                "sha256:9407e9ff58e1389801ce2c44e3fe6f17c4ef5d711f1a8578252be3fa02ba1f42",
                "sha256:955d85d3776cb88dac3c7548408f38f5634e8e8dc84c2c8832f1cfa9a81d38d6",
                "sha256:9f3c06e162c1164a2bd0c3ab3de9e0b0edf1e95dd179acca13ddb397072f40bf",
                "sha256:a44d76adf2ec926065938a826fd4285f68372a7f68ece984888902691569323f",
                "sha256:aef5e500778d67ad3c7ebba8de6a250efffc473b0f65b5e52d1f0f7293a64e24",
                "sha256:b2f457bdf65f2779c9e863649fb4f7e081e0b0ccb26c6d4f04243eb1d25a8976",
                "sha256:bcb21c7b25b6cdaf817d1543fd55e30feafeda0aeb1b07f7b937e6078f06dcdf",
                "sha256:c28dc247902c2fcbdf21aa1a3ed4d16b9656df2ea64122cb71681a2e298426d2",
                "sha256:d9cc87d24d4823dfd58aa367aa998aa16638c9ae896c766a54d347f40f4851e1",
                "sha256:e63b1b2675557cffe1251dd3ca622ed9d76f0e1d57e44ad8661347f37dd466a6",
                "sha256:e83ca613859ddbf12272c4ad861f4f588686f7a1faa567f2f21ca61c72199f66",
                "sha256:fcc9c9e94fa9bdefd630853d9937fa47131685eeae2e22242c9b68973f9f13ce",
                "sha256:fd56caf5883fcac895a7009f61249204533e67354c017dcccb9821205f2210ff"
            ],
            "index": "pypi",
            "version": "==2.0.0"
        },
        "mistune": {
            "hashes": [
                "sha256:0c5e14c9621cb012dad801c09f40106467b8f2c0297671c3adc647d50dd4c6e6",
                "sha256:4a155eb31ee5e2855f0ba288b73ebb03ee93598ae9aa01ae87fb2b1198696a94",
                "sha256:6076dedf768348927d991f4371e5a799c6a0158b16091df08ee85ee231d929a7",
                "sha256:cb2ee78a2b243cbd3f826839cd08023bb7516a61c498a9c69a9b145dce996b80",
                "sha256:e061dc535ec1ff1edb54f4a1e72504dec9c382618817bc2178430b7a08846e4b"
            ],
            "index": "pypi",
            "version": "==0.7.1"
        },
        "multidict": {
            "hashes": [
                "sha256:1a1d76374a1e7fe93acef96b354a03c1d7f83e7512e225a527d283da0d7ba5e0",
                "sha256:1d6e191965505652f194bc4c40270a842922685918a4f45e6936a6b15cc5816d",
                "sha256:295961a6a88f1199e19968e15d9b42f3a191c89ec13034dbc212bf9c394c3c82",
                "sha256:2be5af084de6c3b8e20d6421cb0346378a9c867dcf7c86030d6b0b550f9888e4",
                "sha256:2eb99617c7a0e9f2b90b64bc1fb742611718618572747d6f3d6532b7b78755ab",
                "sha256:4ba654c6b5ad1ae4a4d792abeb695b29ce981bb0f157a41d0fd227b385f2bef0",
                "sha256:5ba766433c30d703f6b2c17eb0b6826c6f898e5f58d89373e235f07764952314",
                "sha256:a59d58ee85b11f337b54933e8d758b2356fcdcc493248e004c9c5e5d11eedbe4",
                "sha256:a6e35d28900cf87bcc11e6ca9e474db0099b78f0be0a41d95bef02d49101b5b2",
                "sha256:b4df7ca9c01018a51e43937eaa41f2f5dce17a6382fda0086403bcb1f5c2cf8e",
                "sha256:bbd5a6bffd3ba8bfe75b16b5e28af15265538e8be011b0b9fddc7d86a453fd4a",
                "sha256:d870f399fcd58a1889e93008762a3b9a27cf7ea512818fc6e689f59495648355",
                "sha256:e9404e2e19e901121c3c5c6cffd5a8ae0d1d67919c970e3b3262231175713068"
            ],
            "version": "==4.3.1"
        },
        "nbconvert": {
            "hashes": [
                "sha256:18542116114f4340bbde64204cfb542612dfb6a6dcade3caedf13909834e27b5",
                "sha256:e0296e45293dd127d028f678e3b6aba3f1db3283a134178bdb49eea402d4cf1c",
                "sha256:fe86fe30dc53c522112d09c9917fc19320f033f48c1623fa50dd3eaf11e906e9"
            ],
            "index": "pypi",
            "version": "==4.1.0"
        },
        "nbformat": {
            "hashes": [
                "sha256:5261c957589b9dfcd387c338d59375162ba9ca82c69e378961a1f4e641285db5",
                "sha256:d304387f78d651edf3a3285052601aa8b7fe6d52dcd57e4ffd2869b2b65fda1c",
                "sha256:dc875e80f2a170b3691907e0485047027dd17d76aac95050673eca6655809ceb"
            ],
            "index": "pypi",
            "version": "==4.0.1"
        },
        "notebook": {
            "hashes": [
                "sha256:77534b80528bbad575ac1ef80004dd0953d0721d43f7416f1a7f6125958f4035",
                "sha256:afd51c2bb108a90cac63fa2011de112786b1d3485b3fa71a3cd95a39434597df",
                "sha256:f62e7a6afbc00bab3615b927595d27b1874cff3218bddcbab62f97f6dae567c3"
            ],
            "index": "pypi",
            "version": "==4.0.6"
        },
        "numpy": {
            "hashes": [
                "sha256:033628b9021affb637cf28bfb4f432aca47577a56cb515155693af99870b5079",
                "sha256:23f6d226e22048306487d00e3121662a60e746a0b50afecc9b09c1067bdb46d2",
                "sha256:2e5061e59fe46f1773f9ab022566629e3dd7880ade7c195c85c71fe5fdfedcab",
                "sha256:319c67543f081324ca0c61664caa1dfeed00cbcfe1195583f95690c56636f9d4",
                "sha256:34e5f4a13c308dc67e60eb3c27a5e79c2599e62eaa9b30b7fa4833c9048a3ec2",
                "sha256:60544789979589a0f6110a5688301b11f375a558fe7d8b4c09b47064a8e05939",
                "sha256:716ea99fa0fcc52aa76eb513a388c3c065731a99a697267b7791f011d9ef2f89",
                "sha256:7356e98fbcc529e8d540666f5a919912752e569150e9a4f8d869c686f14c720b",
                "sha256:8b3e232e317fd089323148530a914d2d434b8f984336c83bb5abcb863e2b8dbc",
                "sha256:8ce443dc79656a9fc97a7837f1444d324aef2c9b53f31f83441f57ad1f1f3659",
                "sha256:93a16d948071da5599f9e0a8d11544b1c0ab370bf61f06aa65d350fecda57252",
                "sha256:9cf62f2f3c44bcdc8279f47fb71090345e1b676c360d8682b721ddfc2c7dbe80",
                "sha256:a493afbc8ff68438ce0d91e33c70d0682ba7f4e88061ec0247fe9757b599313c",
                "sha256:cdc80cca8ec5383083aa8aafe00dcb314a20fbe54f3f617bcb5abb5d5b869371",
                "sha256:d7a5fcb7bcacd6fbd3a1b685254d6e2c9b555ebe6f3022268a39e214b9d46cea",
                "sha256:e08815c1053be2488c97ac1976e3d79aba6e76974e871182700c76650013d54c",
                "sha256:e7bf4db7beb70a6320fc02d80452fdddfe4d2b3050b3afbda34d0087a4d2dc07",
                "sha256:ea531a2552d528e5835aa915d89ed457b031a4845ca60ebda6464e6f1ab7b631",
                "sha256:ecbff745fc0b0899005d34a2509b8aaf01d25ce1b0e7a2e959bbcb5be0aaef34"
            ],
            "index": "pypi",
            "version": "==1.10.4"
        },
        "path.py": {
            "hashes": [
                "sha256:486d9c17f3a41285facf41346f3799e774d7d0dfb600a5ab619806e6eadcf072",
                "sha256:ada95d117c4559abe64080961daf5badda68561afdd34c278f8ca20f2fa466d2"
            ],
            "index": "pypi",
            "version": "==8.1.2"
        },
        "pexpect": {
            "hashes": [
                "sha256:232795ebcaaf2e120396dbbaa3a129eda51757eeaae1911558f4ef8ee414fc6c"
            ],
            "index": "pypi",
            "version": "==4.0.1"
        },
        "pickleshare": {
            "hashes": [
                "sha256:c0be5745035d437dbf55a96f60b7712345b12423f7d0951bd7d8dc2141ca9286"
            ],
            "index": "pypi",
            "version": "==0.5"
        },
        "pillow": {
            "hashes": [
                "sha256:0024fce578547a3da92579a163bae09b1d9f0baf3cd8e4a893dc6c11e4e624bb",
                "sha256:07849f8d08c3f47dd7759ed5b0a070e6de8a2cef47ae3c39f94d076fcad02875",
                "sha256:0af23c7d7fdf657ca1e3d6bc873a1c402d00231de76e457507fec9f2262ffdf1",
                "sha256:0b9e31e9f4471ef7931e74a614d1cdecea0ebdd6fb5e085826deb76d7b0f41f7",
                "sha256:20e790f08519302786281fe5447f46552903ed3470dbb51494a1c9eed189e731",
                "sha256:275fd1ac025e514c10e0283d3e47ed6dd2a28f84eb77d6e7ba1fb5117050224e",
                "sha256:31dc9fa28a7d9dadff4610c2a944f6562887be059f6a28970d8550009f3767c4",
                "sha256:34fdae63f45bc5268db9edd5c80e51c7959260cc89a0cedf2e5b1f933b34c427",
                "sha256:3cf6a407d1adc04628db9460b79a9b5e4db399df170f32adb607198fff4ffd9a",
                "sha256:41850ea05463336f6fad89841c3387aa1f01aa5b76ac376724e4f36f6d54d86c",
                "sha256:46721d642857f83f36b105d3256af5c2ad2714fa08afb80a91b515eac8963e90",
                "sha256:47feef511e8fe5d66eb18fc232c4d845e86cd469a46121959cdb34cec51c4c95",
                "sha256:4c07aca57e176419938d1d5208f351e21114bfd37b75b7551363362584ae494f",
                "sha256:4eee1eb18570e2afab84f997f05617dc056095640dc499d258592de1f16e00da",
                "sha256:5728fd8d460afb657586867dd33096a25f4a32429d11b0690994e8642033c77e",
                "sha256:5cf7576e142195f6d76a5fffe15186a66d8457f6c604415f2de0b3267628350d",
                "sha256:5f0d5d60ed7715f28415f1c3181756ea2a866acdee5c3cd377fec98ca0af9867",
                "sha256:66a3757ac414232004fc605684bffdc45d234e9e4e9e840a61e9780a6eb9afc3",
                "sha256:6785973d511efd413c843cdecdf5dc04523f665dab52d603329ace4a3d12c012",
                "sha256:6c863da99f4a1d3e76764655e94cc67ffccd563c7b92099a8176a39249e76b55",
                "sha256:7402e73a8825947863fb01ab5cf20733610bfa99cf684f2b26519ce080ac7458",
                "sha256:7c37881b6dfe1d1083baaf99e119041df7d2a2c284f9e7880e56ef8df42dd5c8",
                "sha256:85c7e8242bda80f4799826c3b85edd10b03c5dfe19c90d995ff37a64d0a87f2a",
                "sha256:923be7444e31c85d84196e26eaad105a4c06cc65ccaa33a2a22680c7f2321ed3",
                "sha256:98562ddfa771d1e5ef957ddf123e9655b17c29cf8b403be44f71e6c5d4bdfa95",
                "sha256:a137a6374d0927b22edb58c4bc51a4d9ddf612c47ee1b419c5c8cbdd5032be1e",
                "sha256:a657fb793a61fb373f76b220f65276d6bbbc95af47e2ef090703dd15dcc52ddf",
                "sha256:ad50bef540fe5518a4653c3820452a881b6a042cb0f8bb7657c491c6bd3654bb",
                "sha256:b0966dcabeb2dd7a2f635dff374a4465b43440d3646b4cb667c7def58d40bd2c",
                "sha256:b245176f11d970a4179d539f7ed1661a0fd5d2c2a956fbefe59d63aa4033bc3c",
                "sha256:b7fec440ea0e6da780988c42e903aad3cc390c6a78c4a254d6c0b416f890234c",
                "sha256:b9b047c1cae05e2a9dddd12dbd002b61777de4a1b4ef05f0a35e6bfe238f999e",
                "sha256:bf9a415dedbb92ce9b896c30c60bdbfc264f7ad123baf3fb4c1803d975155137",
                "sha256:c0686a26e02eee72496340a243c85eb96f8828a307d523556f7d7213b37d8c23",
                "sha256:cc1feccb5d94fb6d67f5f9e7ef7c3da8eae95d1bfc866ae84f4532068f2abe9c",
                "sha256:cd492301c7885497132ec328e8d73d4f89693b270120068c2f391ac18a783de2",
                "sha256:d4aa24fd5b2acc4a3a449e159e8e6754d6a6dacdef3f296fb8882d1793cd0e25",
                "sha256:e0a5720058d370c5c290e13bdf950b72af23fe25495472ac86a8336da5a595e5",
                "sha256:e15fe4447a34965223e05e7489e5d3194e9a8f07603e0d1f9128f6bec8f9501f",
                "sha256:ea8ea1c323f5f1e7fe214b98ec125e371e626c1eb06cf7bb06c0e36aadae1dd4",
                "sha256:f1fa1f2792bf4724c0df4768485ab09be2b7335c6b8515634757c197c78cc548",
                "sha256:f42fd86fadb06b3ae310bd1d50e1f063b40fdf57bb7e9a006fb99372c92d5a12",
                "sha256:fdccf59abb98a033685aadc2e0e63989c3a7a5e3a91006f67684850bb24d8f7b"
            ],
            "index": "pypi",
            "version": "==3.0.0"
        },
        "ptyprocess": {
            "hashes": [
                "sha256:dcb78fb2197b49ca1b7b2f37b047bc89c0da7a90f90bd5bc17c3ce388bb6ef59"
            ],
            "index": "pypi",
            "version": "==0.5"
        },
        "pygments": {
            "hashes": [
                "sha256:0a3a2265e1efb0defa722d1f429730dc9df975adc3c60ac7d2b432bdf03c041d",
                "sha256:5ded2fa9094fd7dfeb3da92636409fd702a0d07d606283504d7ee04401cee5cb",
                "sha256:7320919084e6dac8f4540638a46447a3bd730fca172afc17d2c03eed22cf4f51"
            ],
            "index": "pypi",
            "version": "==2.0.2"
        },
        "pyparsing": {
            "hashes": [
                "sha256:2ce0db3c70ec0413603d4aea389e4ece34ff93c265649b1c5c7d56e3c2cf19c4",
                "sha256:3470388781fb94eccf75141b0b65490637e2717f983a719011e1aa156eec3d7e",
                "sha256:56adc21a4b86391db146b7f74f8c789c396401915703bbd19b793e2a7c30bb46",
                "sha256:7e194341721f6d5516cfec0d8d99dad6c584373323b6694f8c2f089a00273c07",
                "sha256:7fa0713063d809d00db2123431a8d603474a62232491e0455cd13761e8fec655",
                "sha256:9043b3c6b0722ec8d47b853768c500ca5246ef1ecd4f9d132a43452c7d3d4588",
                "sha256:9e08c1444c91e194bd17ffdaefce7edb5a6036e57f2bb7df5b6c7776d86f4134",
                "sha256:a03b4e7ea18538064b5e1be4a66cdef35370a4e76dd10574ca35c386dbeca560",
                "sha256:b58b7d993956dab2efa41ee9424700b4c630fcbd85c41531211d36fbbd6e0592"
            ],
            "index": "pypi",
            "version": "==2.0.7"
        },
        "python-dateutil": {
            "hashes": [
                "sha256:2ae63cf475f0bd049b722fac20813d62aedc14957dd5a3bf00d120d2b5404460",
                "sha256:3e95445c1db500a344079a47b171c45ef18f57d188dffdb0e4165c71bea8eb3d"
            ],
            "index": "pypi",
            "version": "==2.4.2"
        },
        "pytz": {
            "hashes": [
                "sha256:3abe6a6d3fc2fbbe4c60144211f45da2edbe3182a6f6511af6bbba0598b1f992",
                "sha256:3cca0df08bd0ed98432390494ce3ded003f5e661aa460be7a734bffe35983605",
                "sha256:3ede470d3d17ba3c07638dfa0d10452bc1b6e5ad326127a65ba77e6aaeb11bec",
                "sha256:68c47964f7186eec306b13629627722b9079cd4447ed9e5ecaecd4eac84ca734",
                "sha256:81af9aec4bc960a9a0127c488f18772dae4634689233f06f65443e7b11ebeb51",
                "sha256:8b6ce1c993909783bc96e0b4f34ea223bff7a4df2c90bdb9c4e0f1ac928689e3",
                "sha256:939ef9c1e1224d980405689a97ffcf7828c56d1517b31d73464356c1f2b7769e",
                "sha256:99266ef30a37e43932deec2b7ca73e83c8dbc3b9ff703ec73eca6b1dae6befea",
                "sha256:a77c52062c07eb7c7b30545dbc73e32995b7e117eea750317b5cb5c7a4618f14",
                "sha256:dd5d3991950aae40a6c81de1578942e73d629808cefc51d12cd157980e6cfc18",
                "sha256:e079b1dadc5c06246cc1bb6fe1b23a50b1d1173f2edd5104efd40bb73a28f406",
                "sha256:ead4aefa7007249e05e51b01095719d5a8dd95760089f5730aac5698b1932918",
                "sha256:fbd26746772c24cb93c8b97cbdad5cb9e46c86bbdb1b9d8a743ee00e2fb1fc5d"
            ],
            "index": "pypi",
            "version": "==2015.7"
        },
        "pyzmq": {
            "hashes": [
                "sha256:207000c13b871a1b7f88c7f4be22baaca7d97582d5d8a6774b8e7bbabe10cff4",
                "sha256:25e1ecff40123fec4fc64eafa3bbf8cca74cc18b4d43d4434b3615411e7fc82d",
                "sha256:3340cfd6e6a2bf9186c1a9d2fea74a105d15d6e3ce8a89b2ec08b4aac1326e92",
                "sha256:7931170509b86257c488acfbcdff8388c24127550a39a4c6df81ebcc0af98a84",
                "sha256:7e2517e48ee0cc157e7b7a893d0e9c8d9ec91d60f9d744582bf8148b6d05af4d",
                "sha256:7e7c0d906c9e9090f4115f560270182c2956a7299a10c62ca33dd2ba951e10f4",
                "sha256:7f341bf69fab46fe9f295676a34d5c2b299ef86f843e3c6e58950222f92d7b59",
                "sha256:83053c2b3cc6efc769184b3cef1727a9719dedf5656aab4db09ae02220e47dac",
                "sha256:840a1d51306dd88c143526475fa85a71bce17873e9db7f5e97bf141eeff7eefc",
                "sha256:898f82f9b1a6d91c447130881c8cf870755a676f769c31302bc149355bafc90e",
                "sha256:b47ea7ff3a5a6ea351923e52cf90bb36957d13c67e0822882d1e1871a73411e5",
                "sha256:bd5b279998538bb197baf59c81584550d713b1b17761e8a638bb6fbda9e5d08d",
                "sha256:d8e858233bc64ba68e06c63a9b28d5f3fe99bfe6288ac7484d554e3166d8779f",
                "sha256:ef3573f55582a0fb8f3972ef65aff4c41dd4ca3a8477eee32364eca8c0258e4c",
                "sha256:f0b2b3a3da9490df4bd93a13dbfb43a239543bed59dfa31435ecc5573f6a7e3d",
                "sha256:fff67c82f3935a2a3595a5d4163c1483e6fef5556265169379f04d1371b60522"
            ],
            "index": "pypi",
            "version": "==15.1.0"
        },
        "qtconsole": {
            "hashes": [
                "sha256:741906acae9e02c0df9138ac88b621ef22e438565aa96d783a9ef88faec3de46",
                "sha256:a5eb4befe76a786e318b9a28129736e3afee415b4bbcdd89ebd6773280be97f1",
                "sha256:c416f5522351264c95e1a572584e9140c967851eff28e6a2ce858479845834ef"
            ],
            "index": "pypi",
            "version": "==4.1.1"
        },
        "scipy": {
            "hashes": [
                "sha256:03f611d2b0ae552e89fb4f587d6a55b35efb57f216b9f638bb2b2e0fbd7ea1c6",
                "sha256:1e3d952d0f9cfe3eeb9d5f74606b98c17a1befa64b2e23917e6d6cbe7dee04b2",
                "sha256:439ee6821779b7dbcc32ba81b142e37ccd5917eb7fb0d2d7e8bc2f200a3a7125",
                "sha256:4a83138126fea3cd3d70a440247c8959f0ede63ce6e6084580837d5d936ac3c6",
                "sha256:585173d0f498e7099bfaf731b4279ea6e72d4e3fad96f0c8633ec86c22815c16",
                "sha256:5a7b5df8d5984e43ecbecbbdf0ec0b22e1fe1422e75ffed5b19e8dbf02b11efe",
                "sha256:789885346291c58dca8f429d274e55dca79d6652a37b39c9e94192dc3775cad9",
                "sha256:b9dd2108e1e3da3b009c896f049a763b67389fcd6afc205555de8c1e3f313f3d",
                "sha256:be5be7466d0511890924dc64266354587f3b2d4877c273ed686bfac64899daef",
                "sha256:d4eb960c570dd469f289ffe7b88af5fa53ee3c751eec9de08291cb8aa24a4af7",
                "sha256:ecd1efbb1c038accb0516151d1e6679809c6010288765eb5da6051550bf52260",
                "sha256:f8c564b3a8f3c3633afb22e4287e5001ec1ca7e2a533a09ecd1678ca173f020e"
            ],
            "index": "pypi",
            "version": "==0.16.1"
        },
        "simplegeneric": {
            "hashes": [
                "sha256:dc972e06094b9af5b855b3df4a646395e43d1c9d0d39ed345b7393560d0b9173"
            ],
            "index": "pypi",
            "version": "==0.8.1"
        },
        "singledispatch": {
            "hashes": [
                "sha256:5b06af87df13818d14f08a028e42f566640aef80805c3b50c5056b086e3c2b9c",
                "sha256:833b46966687b3de7f438c761ac475213e53b306740f1abfaa86e1d1aae56aa8"
            ],
            "index": "pypi",
            "version": "==3.4.0.3"
        },
        "sites": {
            "hashes": [
                "sha256:58a10f93321a434e9a793200561fe638658a459742e05dd0151a07fd6c6e0afe",
                "sha256:fa8f9df337dee2a5c1fca18bc570f8ebc741ea3bd257d9b84a3289d746474378"
            ],
            "index": "pypi",
            "version": "==0.0.1"
        },
        "six": {
            "hashes": [
                "sha256:0ff78c403d9bccf5a425a6d31a12aa6b47f1c21ca4dc2573a7e2f32a97335eb1",
                "sha256:105f8d68616f8248e24bf0e9372ef04d3cc10104f1980f54d57b2ce73a5ad56a"
            ],
            "index": "pypi",
            "version": "==1.10.0"
        },
        "terminado": {
            "hashes": [
                "sha256:63e893eff1ba84f1ee7c4bfcca7676ba1de6394538bb9aa80cbbc8866cb875b6"
            ],
            "index": "pypi",
            "version": "==0.5"
        },
        "tornado": {
            "hashes": [
                "sha256:042255160bb1976d2aa3d9e0f32ac7f8c1bc2dfab7b2c86688a3bd6088ba90e1",
                "sha256:295e1f38225ce2bdd85a0524e265e9adea40507333829f3a7d64c588dd78ff21",
                "sha256:c9c2d32593d16eedf2cec1b6a41893626a2649b40b21ca9c4cac4243bde2efbf"
            ],
            "index": "pypi",
            "version": "==4.3"
        },
        "traitlets": {
            "hashes": [
                "sha256:0b140b4a94a4f1951887d9bce4650da211f79600fc9fdb422acc90c5bbe0233b",
                "sha256:5461707171e0f3c500c90eedef87d41e72a682da4894686d71825e16c824909d"
            ],
            "index": "pypi",
            "version": "==4.0.0"
        },
        "werkzeug": {
            "hashes": [
                "sha256:c3fd7a7d41976d9f44db327260e263132466836cef6f91512889ed60ad26557c",
                "sha256:d5da73735293558eb1651ee2fddc4d0dedcfa06538b8813a2e20011583c9e49b"
            ],
            "version": "==0.14.1"
        },
        "yarl": {
            "hashes": [
                "sha256:2556b779125621b311844a072e0ed367e8409a18fa12cbd68eb1258d187820f9",
                "sha256:4aec0769f1799a9d4496827292c02a7b1f75c0bab56ab2b60dd94ebb57cbd5ee",
                "sha256:55369d95afaacf2fa6b49c84d18b51f1704a6560c432a0f9a1aeb23f7b971308",
                "sha256:6c098b85442c8fe3303e708bbb775afd0f6b29f77612e8892627bcab4b939357",
                "sha256:9182cd6f93412d32e009020a44d6d170d2093646464a88aeec2aef50592f8c78",
                "sha256:c8cbc21bbfa1dd7d5386d48cc814fe3d35b80f60299cdde9279046f399c3b0d8",
                "sha256:db6f70a4b09cde813a4807843abaaa60f3b15fb4a2a06f9ae9c311472662daa1",
                "sha256:f17495e6fe3d377e3faac68121caef6f974fcb9e046bc075bcff40d8e5cc69a4",
                "sha256:f85900b9cca0c67767bb61b2b9bd53208aaa7373dae633dbe25d179b4bf38aa7"
            ],
            "version": "==1.2.6"
        }
    },
    "develop": {}
}
